// !$*UTF8*$!
{
	archiveVersion = 1;
	classes = {
	};
	objectVersion = 50;
	objects = {

/* Begin PBXBuildFile section */
		D66B992F20695ED7007A2C9A /* AppDelegate.swift in Sources */ = {isa = PBXBuildFile; fileRef = D66B992E20695ED7007A2C9A /* AppDelegate.swift */; };
		D66B993120695ED7007A2C9A /* ViewController.swift in Sources */ = {isa = PBXBuildFile; fileRef = D66B993020695ED7007A2C9A /* ViewController.swift */; };
		D66B993420695ED7007A2C9A /* Main.storyboard in Resources */ = {isa = PBXBuildFile; fileRef = D66B993220695ED7007A2C9A /* Main.storyboard */; };
		D66B993620695EDA007A2C9A /* Assets.xcassets in Resources */ = {isa = PBXBuildFile; fileRef = D66B993520695EDA007A2C9A /* Assets.xcassets */; };
		D66B993920695EDA007A2C9A /* LaunchScreen.storyboard in Resources */ = {isa = PBXBuildFile; fileRef = D66B993720695EDA007A2C9A /* LaunchScreen.storyboard */; };
/* End PBXBuildFile section */

/* Begin PBXFileReference section */
		D66B992B20695ED7007A2C9A /* Swift-4-Auto-Sizing-in-Real-Time.app */ = {isa = PBXFileReference; explicitFileType = wrapper.application; includeInIndex = 0; path = "Swift-4-Auto-Sizing-in-Real-Time.app"; sourceTree = BUILT_PRODUCTS_DIR; };
		D66B992E20695ED7007A2C9A /* AppDelegate.swift */ = {isa = PBXFileReference; lastKnownFileType = sourcecode.swift; path = AppDelegate.swift; sourceTree = "<group>"; };
		D66B993020695ED7007A2C9A /* ViewController.swift */ = {isa = PBXFileReference; lastKnownFileType = sourcecode.swift; path = ViewController.swift; sourceTree = "<group>"; };
		D66B993320695ED7007A2C9A /* Base */ = {isa = PBXFileReference; lastKnownFileType = file.storyboard; name = Base; path = Base.lproj/Main.storyboard; sourceTree = "<group>"; };
		D66B993520695EDA007A2C9A /* Assets.xcassets */ = {isa = PBXFileReference; lastKnownFileType = folder.assetcatalog; path = Assets.xcassets; sourceTree = "<group>"; };
		D66B993820695EDA007A2C9A /* Base */ = {isa = PBXFileReference; lastKnownFileType = file.storyboard; name = Base; path = Base.lproj/LaunchScreen.storyboard; sourceTree = "<group>"; };
		D66B993A20695EDA007A2C9A /* Info.plist */ = {isa = PBXFileReference; lastKnownFileType = text.plist.xml; path = Info.plist; sourceTree = "<group>"; };
/* End PBXFileReference section */

/* Begin PBXFrameworksBuildPhase section */
		D66B992820695ED7007A2C9A /* Frameworks */ = {
			isa = PBXFrameworksBuildPhase;
			buildActionMask = 2147483647;
			files = (
			);
			runOnlyForDeploymentPostprocessing = 0;
		};
/* End PBXFrameworksBuildPhase section */

/* Begin PBXGroup section */
		D66B992220695ED7007A2C9A = {
			isa = PBXGroup;
			children = (
				D66B992D20695ED7007A2C9A /* Swift-4-Auto-Sizing-in-Real-Time */,
				D66B992C20695ED7007A2C9A /* Products */,
			);
			sourceTree = "<group>";
		};
		D66B992C20695ED7007A2C9A /* Products */ = {
			isa = PBXGroup;
			children = (
				D66B992B20695ED7007A2C9A /* Swift-4-Auto-Sizing-in-Real-Time.app */,
			);
			name = Products;
			sourceTree = "<group>";
		};
		D66B992D20695ED7007A2C9A /* Swift-4-Auto-Sizing-in-Real-Time */ = {
			isa = PBXGroup;
			children = (
				D66B992E20695ED7007A2C9A /* AppDelegate.swift */,
				D66B993020695ED7007A2C9A /* ViewController.swift */,
				D66B993220695ED7007A2C9A /* Main.storyboard */,
				D66B993520695EDA007A2C9A /* Assets.xcassets */,
				D66B993720695EDA007A2C9A /* LaunchScreen.storyboard */,
				D66B993A20695EDA007A2C9A /* Info.plist */,
			);
			path = "Swift-4-Auto-Sizing-in-Real-Time";
			sourceTree = "<group>";
		};
/* End PBXGroup section */

/* Begin PBXNativeTarget section */
		D66B992A20695ED7007A2C9A /* Swift-4-Auto-Sizing-in-Real-Time */ = {
			isa = PBXNativeTarget;
			buildConfigurationList = D66B993D20695EDA007A2C9A /* Build configuration list for PBXNativeTarget "Swift-4-Auto-Sizing-in-Real-Time" */;
			buildPhases = (
				D66B992720695ED7007A2C9A /* Sources */,
				D66B992820695ED7007A2C9A /* Frameworks */,
				D66B992920695ED7007A2C9A /* Resources */,
			);
			buildRules = (
			);
			dependencies = (
			);
			name = "Swift-4-Auto-Sizing-in-Real-Time";
			productName = "Swift-4-Auto-Sizing-in-Real-Time";
			productReference = D66B992B20695ED7007A2C9A /* Swift-4-Auto-Sizing-in-Real-Time.app */;
			productType = "com.apple.product-type.application";
		};
/* End PBXNativeTarget section */

/* Begin PBXProject section */
		D66B992320695ED7007A2C9A /* Project object */ = {
			isa = PBXProject;
			attributes = {
				LastSwiftUpdateCheck = 0930;
				LastUpgradeCheck = 0930;
				ORGANIZATIONNAME = "Ünal Öztürk";
				TargetAttributes = {
					D66B992A20695ED7007A2C9A = {
						CreatedOnToolsVersion = 9.3;
					};
				};
			};
			buildConfigurationList = D66B992620695ED7007A2C9A /* Build configuration list for PBXProject "Swift-4-Auto-Sizing-in-Real-Time" */;
			compatibilityVersion = "Xcode 9.3";
			developmentRegion = en;
			hasScannedForEncodings = 0;
			knownRegions = (
				en,
				Base,
			);
			mainGroup = D66B992220695ED7007A2C9A;
			productRefGroup = D66B992C20695ED7007A2C9A /* Products */;
			projectDirPath = "";
			projectRoot = "";
			targets = (
				D66B992A20695ED7007A2C9A /* Swift-4-Auto-Sizing-in-Real-Time */,
			);
		};
/* End PBXProject section */

/* Begin PBXResourcesBuildPhase section */
		D66B992920695ED7007A2C9A /* Resources */ = {
			isa = PBXResourcesBuildPhase;
			buildActionMask = 2147483647;
			files = (
				D66B993920695EDA007A2C9A /* LaunchScreen.storyboard in Resources */,
				D66B993620695EDA007A2C9A /* Assets.xcassets in Resources */,
				D66B993420695ED7007A2C9A /* Main.storyboard in Resources */,
			);
			runOnlyForDeploymentPostprocessing = 0;
		};
/* End PBXResourcesBuildPhase section */

/* Begin PBXSourcesBuildPhase section */
		D66B992720695ED7007A2C9A /* Sources */ = {
			isa = PBXSourcesBuildPhase;
			buildActionMask = 2147483647;
			files = (
				D66B993120695ED7007A2C9A /* ViewController.swift in Sources */,
				D66B992F20695ED7007A2C9A /* AppDelegate.swift in Sources */,
			);
			runOnlyForDeploymentPostprocessing = 0;
		};
/* End PBXSourcesBuildPhase section */

/* Begin PBXVariantGroup section */
		D66B993220695ED7007A2C9A /* Main.storyboard */ = {
			isa = PBXVariantGroup;
			children = (
				D66B993320695ED7007A2C9A /* Base */,
			);
			name = Main.storyboard;
			sourceTree = "<group>";
		};
		D66B993720695EDA007A2C9A /* LaunchScreen.storyboard */ = {
			isa = PBXVariantGroup;
			children = (
				D66B993820695EDA007A2C9A /* Base */,
			);
			name = LaunchScreen.storyboard;
			sourceTree = "<group>";
		};
/* End PBXVariantGroup section */

/* Begin XCBuildConfiguration section */
		D66B993B20695EDA007A2C9A /* Debug */ = {
			isa = XCBuildConfiguration;
			buildSettings = {
				ALWAYS_SEARCH_USER_PATHS = NO;
				CLANG_ANALYZER_NONNULL = YES;
				CLANG_ANALYZER_NUMBER_OBJECT_CONVERSION = YES_AGGRESSIVE;
				CLANG_CXX_LANGUAGE_STANDARD = "gnu++14";
				CLANG_CXX_LIBRARY = "libc++";
				CLANG_ENABLE_MODULES = YES;
				CLANG_ENABLE_OBJC_ARC = YES;
				CLANG_ENABLE_OBJC_WEAK = YES;
				CLANG_WARN_BLOCK_CAPTURE_AUTORELEASING = YES;
				CLANG_WARN_BOOL_CONVERSION = YES;
				CLANG_WARN_COMMA = YES;
				CLANG_WARN_CONSTANT_CONVERSION = YES;
				CLANG_WARN_DEPRECATED_OBJC_IMPLEMENTATIONS = YES;
				CLANG_WARN_DIRECT_OBJC_ISA_USAGE = YES_ERROR;
				CLANG_WARN_DOCUMENTATION_COMMENTS = YES;
				CLANG_WARN_EMPTY_BODY = YES;
				CLANG_WARN_ENUM_CONVERSION = YES;
				CLANG_WARN_INFINITE_RECURSION = YES;
				CLANG_WARN_INT_CONVERSION = YES;
				CLANG_WARN_NON_LITERAL_NULL_CONVERSION = YES;
				CLANG_WARN_OBJC_IMPLICIT_RETAIN_SELF = YES;
				CLANG_WARN_OBJC_LITERAL_CONVERSION = YES;
				CLANG_WARN_OBJC_ROOT_CLASS = YES_ERROR;
				CLANG_WARN_RANGE_LOOP_ANALYSIS = YES;
				CLANG_WARN_STRICT_PROTOTYPES = YES;
				CLANG_WARN_SUSPICIOUS_MOVE = YES;
				CLANG_WARN_UNGUARDED_AVAILABILITY = YES_AGGRESSIVE;
				CLANG_WARN_UNREACHABLE_CODE = YES;
				CLANG_WARN__DUPLICATE_METHOD_MATCH = YES;
				CODE_SIGN_IDENTITY = "iPhone Developer";
				COPY_PHASE_STRIP = NO;
				DEBUG_INFORMATION_FORMAT = dwarf;
				ENABLE_STRICT_OBJC_MSGSEND = YES;
				ENABLE_TESTABILITY = YES;
				GCC_C_LANGUAGE_STANDARD = gnu11;
				GCC_DYNAMIC_NO_PIC = NO;
				GCC_NO_COMMON_BLOCKS = YES;
				GCC_OPTIMIZATION_LEVEL = 0;
				GCC_PREPROCESSOR_DEFINITIONS = (
					"DEBUG=1",
					"$(inherited)",
				);
				GCC_WARN_64_TO_32_BIT_CONVERSION = YES;
				GCC_WARN_ABOUT_RETURN_TYPE = YES_ERROR;
				GCC_WARN_UNDECLARED_SELECTOR = YES;
				GCC_WARN_UNINITIALIZED_AUTOS = YES_AGGRESSIVE;
				GCC_WARN_UNUSED_FUNCTION = YES;
				GCC_WARN_UNUSED_VARIABLE = YES;
				IPHONEOS_DEPLOYMENT_TARGET = 11.3;
				MTL_ENABLE_DEBUG_INFO = YES;
				ONLY_ACTIVE_ARCH = YES;
				SDKROOT = iphoneos;
				SWIFT_ACTIVE_COMPILATION_CONDITIONS = DEBUG;
				SWIFT_OPTIMIZATION_LEVEL = "-Onone";
			};
			name = Debug;
		};
		D66B993C20695EDA007A2C9A /* Release */ = {
			isa = XCBuildConfiguration;
			buildSettings = {
				ALWAYS_SEARCH_USER_PATHS = NO;
				CLANG_ANALYZER_NONNULL = YES;
				CLANG_ANALYZER_NUMBER_OBJECT_CONVERSION = YES_AGGRESSIVE;
				CLANG_CXX_LANGUAGE_STANDARD = "gnu++14";
				CLANG_CXX_LIBRARY = "libc++";
				CLANG_ENABLE_MODULES = YES;
				CLANG_ENABLE_OBJC_ARC = YES;
				CLANG_ENABLE_OBJC_WEAK = YES;
				CLANG_WARN_BLOCK_CAPTURE_AUTORELEASING = YES;
				CLANG_WARN_BOOL_CONVERSION = YES;
				CLANG_WARN_COMMA = YES;
				CLANG_WARN_CONSTANT_CONVERSION = YES;
				CLANG_WARN_DEPRECATED_OBJC_IMPLEMENTATIONS = YES;
				CLANG_WARN_DIRECT_OBJC_ISA_USAGE = YES_ERROR;
				CLANG_WARN_DOCUMENTATION_COMMENTS = YES;
				CLANG_WARN_EMPTY_BODY = YES;
				CLANG_WARN_ENUM_CONVERSION = YES;
				CLANG_WARN_INFINITE_RECURSION = YES;
				CLANG_WARN_INT_CONVERSION = YES;
				CLANG_WARN_NON_LITERAL_NULL_CONVERSION = YES;
				CLANG_WARN_OBJC_IMPLICIT_RETAIN_SELF = YES;
				CLANG_WARN_OBJC_LITERAL_CONVERSION = YES;
				CLANG_WARN_OBJC_ROOT_CLASS = YES_ERROR;
				CLANG_WARN_RANGE_LOOP_ANALYSIS = YES;
				CLANG_WARN_STRICT_PROTOTYPES = YES;
				CLANG_WARN_SUSPICIOUS_MOVE = YES;
				CLANG_WARN_UNGUARDED_AVAILABILITY = YES_AGGRESSIVE;
				CLANG_WARN_UNREACHABLE_CODE = YES;
				CLANG_WARN__DUPLICATE_METHOD_MATCH = YES;
				CODE_SIGN_IDENTITY = "iPhone Developer";
				COPY_PHASE_STRIP = NO;
				DEBUG_INFORMATION_FORMAT = "dwarf-with-dsym";
				ENABLE_NS_ASSERTIONS = NO;
				ENABLE_STRICT_OBJC_MSGSEND = YES;
				GCC_C_LANGUAGE_STANDARD = gnu11;
				GCC_NO_COMMON_BLOCKS = YES;
				GCC_WARN_64_TO_32_BIT_CONVERSION = YES;
				GCC_WARN_ABOUT_RETURN_TYPE = YES_ERROR;
				GCC_WARN_UNDECLARED_SELECTOR = YES;
				GCC_WARN_UNINITIALIZED_AUTOS = YES_AGGRESSIVE;
				GCC_WARN_UNUSED_FUNCTION = YES;
				GCC_WARN_UNUSED_VARIABLE = YES;
				IPHONEOS_DEPLOYMENT_TARGET = 11.3;
				MTL_ENABLE_DEBUG_INFO = NO;
				SDKROOT = iphoneos;
				SWIFT_COMPILATION_MODE = wholemodule;
				SWIFT_OPTIMIZATION_LEVEL = "-O";
				VALIDATE_PRODUCT = YES;
			};
			name = Release;
		};
		D66B993E20695EDA007A2C9A /* Debug */ = {
			isa = XCBuildConfiguration;
			buildSettings = {
				ASSETCATALOG_COMPILER_APPICON_NAME = AppIcon;
				CODE_SIGN_STYLE = Automatic;
				DEVELOPMENT_TEAM = 5T5A6N5A76;
				INFOPLIST_FILE = "Swift-4-Auto-Sizing-in-Real-Time/Info.plist";
				IPHONEOS_DEPLOYMENT_TARGET = 11.0;
				LD_RUNPATH_SEARCH_PATHS = (
					"$(inherited)",
					"@executable_path/Frameworks",
				);
				PRODUCT_BUNDLE_IDENTIFIER = "unal.Swift-4-Auto-Sizing-in-Real-Time";
				PRODUCT_NAME = "$(TARGET_NAME)";
				SWIFT_VERSION = 4.0;
				TARGETED_DEVICE_FAMILY = "1,2";
			};
			name = Debug;
		};
		D66B993F20695EDA007A2C9A /* Release */ = {
			isa = XCBuildConfiguration;
			buildSettings = {
				ASSETCATALOG_COMPILER_APPICON_NAME = AppIcon;
				CODE_SIGN_STYLE = Automatic;
				DEVELOPMENT_TEAM = 5T5A6N5A76;
				INFOPLIST_FILE = "Swift-4-Auto-Sizing-in-Real-Time/Info.plist";
				IPHONEOS_DEPLOYMENT_TARGET = 11.0;
				LD_RUNPATH_SEARCH_PATHS = (
					"$(inherited)",
					"@executable_path/Frameworks",
				);
				PRODUCT_BUNDLE_IDENTIFIER = "unal.Swift-4-Auto-Sizing-in-Real-Time";
				PRODUCT_NAME = "$(TARGET_NAME)";
				SWIFT_VERSION = 4.0;
				TARGETED_DEVICE_FAMILY = "1,2";
			};
			name = Release;
		};
/* End XCBuildConfiguration section */

/* Begin XCConfigurationList section */
		D66B992620695ED7007A2C9A /* Build configuration list for PBXProject "Swift-4-Auto-Sizing-in-Real-Time" */ = {
			isa = XCConfigurationList;
			buildConfigurations = (
				D66B993B20695EDA007A2C9A /* Debug */,
				D66B993C20695EDA007A2C9A /* Release */,
			);
			defaultConfigurationIsVisible = 0;
			defaultConfigurationName = Release;
		};
		D66B993D20695EDA007A2C9A /* Build configuration list for PBXNativeTarget "Swift-4-Auto-Sizing-in-Real-Time" */ = {
			isa = XCConfigurationList;
			buildConfigurations = (
				D66B993E20695EDA007A2C9A /* Debug */,
				D66B993F20695EDA007A2C9A /* Release */,
			);
			defaultConfigurationIsVisible = 0;
			defaultConfigurationName = Release;
		};
/* End XCConfigurationList section */
	};
	rootObject = D66B992320695ED7007A2C9A /* Project object */;
}
